
Microsoft Visual Studio Solution File, Format Version 12.00
# Visual Studio 14
VisualStudioVersion = 14.0.25420.1
MinimumVisualStudioVersion = 10.0.40219.1
Project("{FAE04EC0-301F-11D3-BF4B-00C04F79EFBC}") = "practice1", "practice1\practice1.csproj", "{88A638CC-168E-4BBF-A1F6-04F534816785}"
EndProject
Global
	GlobalSection(SolutionConfigurationPlatforms) = preSolution
		Debug|Any CPU = Debug|Any CPU
		Release|Any CPU = Release|Any CPU
	EndGlobalSection
	GlobalSection(ProjectConfigurationPlatforms) = postSolution
		{88A638CC-168E-4BBF-A1F6-04F534816785}.Debug|Any CPU.ActiveCfg = Debug|Any CPU
		{88A638CC-168E-4BBF-A1F6-04F534816785}.Debug|Any CPU.Build.0 = Debug|Any CPU
		{88A638CC-168E-4BBF-A1F6-04F534816785}.Release|Any CPU.ActiveCfg = Release|Any CPU
		{88A638CC-168E-4BBF-A1F6-04F534816785}.Release|Any CPU.Build.0 = Release|Any CPU
	EndGlobalSection
	GlobalSection(SolutionProperties) = preSolution
		HideSolutionNode = FALSE
	EndGlobalSection
EndGlobal
